# This file is automatically @generated by Poetry 1.8.5 and should not be changed by hand.

[[package]]
name = "fastapi"
version = "0.2.1"
description = "FastAPI framework, high performance, easy to learn, fast to code, ready for production"
optional = false
python-versions = ">=3.6"
files = [
    {file = "fastapi-0.2.1-py3-none-any.whl", hash = "sha256:d08b6c207c875edb6fa276a141328bea4356bed5cedda167dd4fade77ccd8d23"},
    {file = "fastapi-0.2.1.tar.gz", hash = "sha256:c3508d1878188ac7d9ff397b5550b8b37df91f20b2bc41dc801b5cb2caa36721"},
]

[package.dependencies]
pydantic = ">=0.17,<=0.18.2"
starlette = ">=0.9.11,<=0.10.1"

[package.extras]
all = ["aiofiles", "email_validator", "graphene", "itsdangerous", "jinja2", "python-multipart", "pyyaml", "requests", "ujson", "ujson", "uvicorn"]
dev = ["passlib[bcrypt]", "pyjwt"]
doc = ["markdown-include", "mkdocs", "mkdocs-material"]
test = ["black", "email_validator", "isort", "mypy", "pytest (>=4.0.0)", "pytest-cov", "requests"]

[[package]]
name = "pydantic"
version = "0.18.2"
description = "Data validation and settings management using python 3.6 type hinting"
optional = false
python-versions = ">=3.6"
files = [
    {file = "pydantic-0.18.2-py36+-none-any.whl", hash = "sha256:9f023811b6cefd203c5fd8fd15a4152f04e79e531b8f676ab1244dfe06ce8024"},
    {file = "pydantic-0.18.2.tar.gz", hash = "sha256:edbb08b561feda505374c0f25e4b54466a0a0c702ed6b2efaabdc3890d1a82e7"},
]

[package.extras]
email = ["email-validator (>=1.0.3)"]
ujson = ["ujson (>=1.35)"]

[[package]]
name = "starlette"
version = "0.10.1"
description = "The little ASGI library that shines."
optional = false
python-versions = "*"
files = [
    {file = "starlette-0.10.1.tar.gz", hash = "sha256:7cc05c33d00db3b2ddfd7516a737544ed0a34c9dd0ced94076f29b581ce4f532"},
]

[package.extras]
full = ["aiofiles", "asyncpg", "graphene", "itsdangerous", "jinja2", "python-multipart", "pyyaml", "requests", "sqlalchemy", "ujson"]

[metadata]
lock-version = "2.0"
python-versions = "^3.12"
content-hash = "c32cd13b43be239c7bd0b2df90d001f0da9e292860157d8e72f61df8b6e56f35"
